// !$*UTF8*$!
{
	archiveVersion = 1;
	classes = {
	};
	objectVersion = 46;
	objects = {

/* Begin PBXBuildFile section */
		102280B21DE8A74500D9F21A /* NetworkingService.swift in Sources */ = {isa = PBXBuildFile; fileRef = 102280B11DE8A74500D9F21A /* NetworkingService.swift */; };
		105244E41DEA0654008B5FF0 /* MenuTableViewController.swift in Sources */ = {isa = PBXBuildFile; fileRef = 105244E31DEA0654008B5FF0 /* MenuTableViewController.swift */; };
		105244E61DEA11F0008B5FF0 /* PatientPageViewController.swift in Sources */ = {isa = PBXBuildFile; fileRef = 105244E51DEA11F0008B5FF0 /* PatientPageViewController.swift */; };
		105244E81DEA1211008B5FF0 /* OrganizerViewController.swift in Sources */ = {isa = PBXBuildFile; fileRef = 105244E71DEA1211008B5FF0 /* OrganizerViewController.swift */; };
		105244EA1DEA1236008B5FF0 /* VitalsViewController.swift in Sources */ = {isa = PBXBuildFile; fileRef = 105244E91DEA1236008B5FF0 /* VitalsViewController.swift */; };
		105244EC1DEA124A008B5FF0 /* MyAccountViewController.swift in Sources */ = {isa = PBXBuildFile; fileRef = 105244EB1DEA124A008B5FF0 /* MyAccountViewController.swift */; };
		105244EE1DEA125F008B5FF0 /* SecondaryAccountViewController.swift in Sources */ = {isa = PBXBuildFile; fileRef = 105244ED1DEA125F008B5FF0 /* SecondaryAccountViewController.swift */; };
		105244F01DEA127A008B5FF0 /* AboutViewController.swift in Sources */ = {isa = PBXBuildFile; fileRef = 105244EF1DEA127A008B5FF0 /* AboutViewController.swift */; };
		105244F21DEA12B9008B5FF0 /* LogoutViewController.swift in Sources */ = {isa = PBXBuildFile; fileRef = 105244F11DEA12B9008B5FF0 /* LogoutViewController.swift */; };
		10C18A771DE88F84000AE6E1 /* AppDelegate.swift in Sources */ = {isa = PBXBuildFile; fileRef = 10C18A761DE88F84000AE6E1 /* AppDelegate.swift */; };
		10C18A7C1DE88F84000AE6E1 /* Main.storyboard in Resources */ = {isa = PBXBuildFile; fileRef = 10C18A7A1DE88F84000AE6E1 /* Main.storyboard */; };
		10C18A7F1DE88F84000AE6E1 /* CancerCareNew.xcdatamodeld in Sources */ = {isa = PBXBuildFile; fileRef = 10C18A7D1DE88F84000AE6E1 /* CancerCareNew.xcdatamodeld */; };
		10C18A811DE88F84000AE6E1 /* Assets.xcassets in Resources */ = {isa = PBXBuildFile; fileRef = 10C18A801DE88F84000AE6E1 /* Assets.xcassets */; };
		10C18A841DE88F84000AE6E1 /* LaunchScreen.storyboard in Resources */ = {isa = PBXBuildFile; fileRef = 10C18A821DE88F84000AE6E1 /* LaunchScreen.storyboard */; };
		10C18A8F1DE88F84000AE6E1 /* CancerCareNewTests.swift in Sources */ = {isa = PBXBuildFile; fileRef = 10C18A8E1DE88F84000AE6E1 /* CancerCareNewTests.swift */; };
		10C18A9A1DE88F84000AE6E1 /* CancerCareNewUITests.swift in Sources */ = {isa = PBXBuildFile; fileRef = 10C18A991DE88F84000AE6E1 /* CancerCareNewUITests.swift */; };
		10C18AA81DE899E3000AE6E1 /* RegisterPageViewController.swift in Sources */ = {isa = PBXBuildFile; fileRef = 10C18AA71DE899E3000AE6E1 /* RegisterPageViewController.swift */; };
		538907C2037C428455849A7B /* Pods_CancerCareNew.framework in Frameworks */ = {isa = PBXBuildFile; fileRef = C84C37ED1E47B99DB62B2E60 /* Pods_CancerCareNew.framework */; };
		98599ED21DEA51C9003DAB0C /* EditPatientInfoViewController.swift in Sources */ = {isa = PBXBuildFile; fileRef = 98599ED11DEA51C9003DAB0C /* EditPatientInfoViewController.swift */; };
		9943A3CC1DE91D1400F95141 /* GoogleService-Info.plist in Resources */ = {isa = PBXBuildFile; fileRef = 9943A3CB1DE91D1400F95141 /* GoogleService-Info.plist */; };
		9943A3CE1DE91DD100F95141 /* LoginViewController.swift in Sources */ = {isa = PBXBuildFile; fileRef = 9943A3CD1DE91DD100F95141 /* LoginViewController.swift */; };
		9943A3D01DE9250A00F95141 /* HomePageViewController.swift in Sources */ = {isa = PBXBuildFile; fileRef = 9943A3CF1DE9250A00F95141 /* HomePageViewController.swift */; };
		9994F8AD1DFA00DB0082BD24 /* DatabaseAdapter.swift in Sources */ = {isa = PBXBuildFile; fileRef = 9994F8AC1DFA00DB0082BD24 /* DatabaseAdapter.swift */; };
		BD6E5CFF63467D1E43D2E109 /* Pods_CancerCareNewTests.framework in Frameworks */ = {isa = PBXBuildFile; fileRef = A6A6F270301F735704C4FCC1 /* Pods_CancerCareNewTests.framework */; };
		C74DAA45B7C1B69B6BBCCF15 /* Pods_CancerCareNewUITests.framework in Frameworks */ = {isa = PBXBuildFile; fileRef = 17FBBDDFB3E463171204566B /* Pods_CancerCareNewUITests.framework */; };
/* End PBXBuildFile section */

/* Begin PBXContainerItemProxy section */
		10C18A8B1DE88F84000AE6E1 /* PBXContainerItemProxy */ = {
			isa = PBXContainerItemProxy;
			containerPortal = 10C18A6B1DE88F84000AE6E1 /* Project object */;
			proxyType = 1;
			remoteGlobalIDString = 10C18A721DE88F84000AE6E1;
			remoteInfo = CancerCareNew;
		};
		10C18A961DE88F84000AE6E1 /* PBXContainerItemProxy */ = {
			isa = PBXContainerItemProxy;
			containerPortal = 10C18A6B1DE88F84000AE6E1 /* Project object */;
			proxyType = 1;
			remoteGlobalIDString = 10C18A721DE88F84000AE6E1;
			remoteInfo = CancerCareNew;
		};
/* End PBXContainerItemProxy section */

/* Begin PBXFileReference section */
		102280B11DE8A74500D9F21A /* NetworkingService.swift */ = {isa = PBXFileReference; fileEncoding = 4; lastKnownFileType = sourcecode.swift; path = NetworkingService.swift; sourceTree = "<group>"; };
		105244E31DEA0654008B5FF0 /* MenuTableViewController.swift */ = {isa = PBXFileReference; fileEncoding = 4; lastKnownFileType = sourcecode.swift; path = MenuTableViewController.swift; sourceTree = "<group>"; };
		105244E51DEA11F0008B5FF0 /* PatientPageViewController.swift */ = {isa = PBXFileReference; fileEncoding = 4; lastKnownFileType = sourcecode.swift; path = PatientPageViewController.swift; sourceTree = "<group>"; };
		105244E71DEA1211008B5FF0 /* OrganizerViewController.swift */ = {isa = PBXFileReference; fileEncoding = 4; lastKnownFileType = sourcecode.swift; path = OrganizerViewController.swift; sourceTree = "<group>"; };
		105244E91DEA1236008B5FF0 /* VitalsViewController.swift */ = {isa = PBXFileReference; fileEncoding = 4; lastKnownFileType = sourcecode.swift; path = VitalsViewController.swift; sourceTree = "<group>"; };
		105244EB1DEA124A008B5FF0 /* MyAccountViewController.swift */ = {isa = PBXFileReference; fileEncoding = 4; lastKnownFileType = sourcecode.swift; path = MyAccountViewController.swift; sourceTree = "<group>"; };
		105244ED1DEA125F008B5FF0 /* SecondaryAccountViewController.swift */ = {isa = PBXFileReference; fileEncoding = 4; lastKnownFileType = sourcecode.swift; path = SecondaryAccountViewController.swift; sourceTree = "<group>"; };
		105244EF1DEA127A008B5FF0 /* AboutViewController.swift */ = {isa = PBXFileReference; fileEncoding = 4; lastKnownFileType = sourcecode.swift; path = AboutViewController.swift; sourceTree = "<group>"; };
		105244F11DEA12B9008B5FF0 /* LogoutViewController.swift */ = {isa = PBXFileReference; fileEncoding = 4; lastKnownFileType = sourcecode.swift; path = LogoutViewController.swift; sourceTree = "<group>"; };
		10C18A731DE88F84000AE6E1 /* CancerCareNew.app */ = {isa = PBXFileReference; explicitFileType = wrapper.application; includeInIndex = 0; path = CancerCareNew.app; sourceTree = BUILT_PRODUCTS_DIR; };
		10C18A761DE88F84000AE6E1 /* AppDelegate.swift */ = {isa = PBXFileReference; lastKnownFileType = sourcecode.swift; path = AppDelegate.swift; sourceTree = "<group>"; };
		10C18A7B1DE88F84000AE6E1 /* Base */ = {isa = PBXFileReference; lastKnownFileType = file.storyboard; name = Base; path = Base.lproj/Main.storyboard; sourceTree = "<group>"; };
		10C18A7E1DE88F84000AE6E1 /* CancerCareNew.xcdatamodel */ = {isa = PBXFileReference; lastKnownFileType = wrapper.xcdatamodel; path = CancerCareNew.xcdatamodel; sourceTree = "<group>"; };
		10C18A801DE88F84000AE6E1 /* Assets.xcassets */ = {isa = PBXFileReference; lastKnownFileType = folder.assetcatalog; path = Assets.xcassets; sourceTree = "<group>"; };
		10C18A831DE88F84000AE6E1 /* Base */ = {isa = PBXFileReference; lastKnownFileType = file.storyboard; name = Base; path = Base.lproj/LaunchScreen.storyboard; sourceTree = "<group>"; };
		10C18A851DE88F84000AE6E1 /* Info.plist */ = {isa = PBXFileReference; lastKnownFileType = text.plist.xml; path = Info.plist; sourceTree = "<group>"; };
		10C18A8A1DE88F84000AE6E1 /* CancerCareNewTests.xctest */ = {isa = PBXFileReference; explicitFileType = wrapper.cfbundle; includeInIndex = 0; path = CancerCareNewTests.xctest; sourceTree = BUILT_PRODUCTS_DIR; };
		10C18A8E1DE88F84000AE6E1 /* CancerCareNewTests.swift */ = {isa = PBXFileReference; lastKnownFileType = sourcecode.swift; path = CancerCareNewTests.swift; sourceTree = "<group>"; };
		10C18A901DE88F84000AE6E1 /* Info.plist */ = {isa = PBXFileReference; lastKnownFileType = text.plist.xml; path = Info.plist; sourceTree = "<group>"; };
		10C18A951DE88F84000AE6E1 /* CancerCareNewUITests.xctest */ = {isa = PBXFileReference; explicitFileType = wrapper.cfbundle; includeInIndex = 0; path = CancerCareNewUITests.xctest; sourceTree = BUILT_PRODUCTS_DIR; };
		10C18A991DE88F84000AE6E1 /* CancerCareNewUITests.swift */ = {isa = PBXFileReference; lastKnownFileType = sourcecode.swift; path = CancerCareNewUITests.swift; sourceTree = "<group>"; };
		10C18A9B1DE88F84000AE6E1 /* Info.plist */ = {isa = PBXFileReference; lastKnownFileType = text.plist.xml; path = Info.plist; sourceTree = "<group>"; };
		10C18AA71DE899E3000AE6E1 /* RegisterPageViewController.swift */ = {isa = PBXFileReference; fileEncoding = 4; lastKnownFileType = sourcecode.swift; path = RegisterPageViewController.swift; sourceTree = "<group>"; };
		17C0A1D8691B0184FE376849 /* Pods-CancerCareNew.debug.xcconfig */ = {isa = PBXFileReference; includeInIndex = 1; lastKnownFileType = text.xcconfig; name = "Pods-CancerCareNew.debug.xcconfig"; path = "Pods/Target Support Files/Pods-CancerCareNew/Pods-CancerCareNew.debug.xcconfig"; sourceTree = "<group>"; };
		17FBBDDFB3E463171204566B /* Pods_CancerCareNewUITests.framework */ = {isa = PBXFileReference; explicitFileType = wrapper.framework; includeInIndex = 0; path = Pods_CancerCareNewUITests.framework; sourceTree = BUILT_PRODUCTS_DIR; };
		48FD740DEC9EDB46CDABC5B4 /* Pods-CancerCareNew.release.xcconfig */ = {isa = PBXFileReference; includeInIndex = 1; lastKnownFileType = text.xcconfig; name = "Pods-CancerCareNew.release.xcconfig"; path = "Pods/Target Support Files/Pods-CancerCareNew/Pods-CancerCareNew.release.xcconfig"; sourceTree = "<group>"; };
		61BD725C5D9EFAD9806674A8 /* Pods-CancerCareNewUITests.debug.xcconfig */ = {isa = PBXFileReference; includeInIndex = 1; lastKnownFileType = text.xcconfig; name = "Pods-CancerCareNewUITests.debug.xcconfig"; path = "Pods/Target Support Files/Pods-CancerCareNewUITests/Pods-CancerCareNewUITests.debug.xcconfig"; sourceTree = "<group>"; };
		68C072F128F189B55FA41B12 /* Pods-CancerCareNewUITests.release.xcconfig */ = {isa = PBXFileReference; includeInIndex = 1; lastKnownFileType = text.xcconfig; name = "Pods-CancerCareNewUITests.release.xcconfig"; path = "Pods/Target Support Files/Pods-CancerCareNewUITests/Pods-CancerCareNewUITests.release.xcconfig"; sourceTree = "<group>"; };
		98599ED11DEA51C9003DAB0C /* EditPatientInfoViewController.swift */ = {isa = PBXFileReference; fileEncoding = 4; lastKnownFileType = sourcecode.swift; path = EditPatientInfoViewController.swift; sourceTree = "<group>"; };
		9943A3CB1DE91D1400F95141 /* GoogleService-Info.plist */ = {isa = PBXFileReference; fileEncoding = 4; lastKnownFileType = text.plist.xml; path = "GoogleService-Info.plist"; sourceTree = "<group>"; };
		9943A3CD1DE91DD100F95141 /* LoginViewController.swift */ = {isa = PBXFileReference; fileEncoding = 4; lastKnownFileType = sourcecode.swift; path = LoginViewController.swift; sourceTree = "<group>"; };
		9943A3CF1DE9250A00F95141 /* HomePageViewController.swift */ = {isa = PBXFileReference; fileEncoding = 4; lastKnownFileType = sourcecode.swift; path = HomePageViewController.swift; sourceTree = "<group>"; };
		9994F8AC1DFA00DB0082BD24 /* DatabaseAdapter.swift */ = {isa = PBXFileReference; fileEncoding = 4; lastKnownFileType = sourcecode.swift; path = DatabaseAdapter.swift; sourceTree = "<group>"; };
		A6A6F270301F735704C4FCC1 /* Pods_CancerCareNewTests.framework */ = {isa = PBXFileReference; explicitFileType = wrapper.framework; includeInIndex = 0; path = Pods_CancerCareNewTests.framework; sourceTree = BUILT_PRODUCTS_DIR; };
		C84C37ED1E47B99DB62B2E60 /* Pods_CancerCareNew.framework */ = {isa = PBXFileReference; explicitFileType = wrapper.framework; includeInIndex = 0; path = Pods_CancerCareNew.framework; sourceTree = BUILT_PRODUCTS_DIR; };
		E07704788B8EF5ABB612929B /* Pods-CancerCareNewTests.release.xcconfig */ = {isa = PBXFileReference; includeInIndex = 1; lastKnownFileType = text.xcconfig; name = "Pods-CancerCareNewTests.release.xcconfig"; path = "Pods/Target Support Files/Pods-CancerCareNewTests/Pods-CancerCareNewTests.release.xcconfig"; sourceTree = "<group>"; };
		EC5560E33033D1E29EF934BE /* Pods-CancerCareNewTests.debug.xcconfig */ = {isa = PBXFileReference; includeInIndex = 1; lastKnownFileType = text.xcconfig; name = "Pods-CancerCareNewTests.debug.xcconfig"; path = "Pods/Target Support Files/Pods-CancerCareNewTests/Pods-CancerCareNewTests.debug.xcconfig"; sourceTree = "<group>"; };
/* End PBXFileReference section */

/* Begin PBXFrameworksBuildPhase section */
		10C18A701DE88F84000AE6E1 /* Frameworks */ = {
			isa = PBXFrameworksBuildPhase;
			buildActionMask = 2147483647;
			files = (
				538907C2037C428455849A7B /* Pods_CancerCareNew.framework in Frameworks */,
			);
			runOnlyForDeploymentPostprocessing = 0;
		};
		10C18A871DE88F84000AE6E1 /* Frameworks */ = {
			isa = PBXFrameworksBuildPhase;
			buildActionMask = 2147483647;
			files = (
				BD6E5CFF63467D1E43D2E109 /* Pods_CancerCareNewTests.framework in Frameworks */,
			);
			runOnlyForDeploymentPostprocessing = 0;
		};
		10C18A921DE88F84000AE6E1 /* Frameworks */ = {
			isa = PBXFrameworksBuildPhase;
			buildActionMask = 2147483647;
			files = (
				C74DAA45B7C1B69B6BBCCF15 /* Pods_CancerCareNewUITests.framework in Frameworks */,
			);
			runOnlyForDeploymentPostprocessing = 0;
		};
/* End PBXFrameworksBuildPhase section */

/* Begin PBXGroup section */
		10C18A6A1DE88F84000AE6E1 = {
			isa = PBXGroup;
			children = (
				10C18A751DE88F84000AE6E1 /* CancerCareNew */,
				10C18A8D1DE88F84000AE6E1 /* CancerCareNewTests */,
				10C18A981DE88F84000AE6E1 /* CancerCareNewUITests */,
				10C18A741DE88F84000AE6E1 /* Products */,
				AE820EC562EFC017FF5BC13D /* Pods */,
				B7AEB68697D205011F2D86CE /* Frameworks */,
			);
			sourceTree = "<group>";
		};
		10C18A741DE88F84000AE6E1 /* Products */ = {
			isa = PBXGroup;
			children = (
				10C18A731DE88F84000AE6E1 /* CancerCareNew.app */,
				10C18A8A1DE88F84000AE6E1 /* CancerCareNewTests.xctest */,
				10C18A951DE88F84000AE6E1 /* CancerCareNewUITests.xctest */,
			);
			name = Products;
			sourceTree = "<group>";
		};
		10C18A751DE88F84000AE6E1 /* CancerCareNew */ = {
			isa = PBXGroup;
			children = (
				9943A3CB1DE91D1400F95141 /* GoogleService-Info.plist */,
				10C18A761DE88F84000AE6E1 /* AppDelegate.swift */,
				10C18A7A1DE88F84000AE6E1 /* Main.storyboard */,
				10C18A801DE88F84000AE6E1 /* Assets.xcassets */,
				10C18A821DE88F84000AE6E1 /* LaunchScreen.storyboard */,
				10C18A851DE88F84000AE6E1 /* Info.plist */,
				10C18A7D1DE88F84000AE6E1 /* CancerCareNew.xcdatamodeld */,
				10C18AA71DE899E3000AE6E1 /* RegisterPageViewController.swift */,
				9943A3CD1DE91DD100F95141 /* LoginViewController.swift */,
				102280B11DE8A74500D9F21A /* NetworkingService.swift */,
				9943A3CF1DE9250A00F95141 /* HomePageViewController.swift */,
				105244E31DEA0654008B5FF0 /* MenuTableViewController.swift */,
				105244E51DEA11F0008B5FF0 /* PatientPageViewController.swift */,
				105244E71DEA1211008B5FF0 /* OrganizerViewController.swift */,
				105244E91DEA1236008B5FF0 /* VitalsViewController.swift */,
				105244EB1DEA124A008B5FF0 /* MyAccountViewController.swift */,
				105244ED1DEA125F008B5FF0 /* SecondaryAccountViewController.swift */,
				105244EF1DEA127A008B5FF0 /* AboutViewController.swift */,
				105244F11DEA12B9008B5FF0 /* LogoutViewController.swift */,
				98599ED11DEA51C9003DAB0C /* EditPatientInfoViewController.swift */,
				9994F8AC1DFA00DB0082BD24 /* DatabaseAdapter.swift */,
			);
			path = CancerCareNew;
			sourceTree = "<group>";
		};
		10C18A8D1DE88F84000AE6E1 /* CancerCareNewTests */ = {
			isa = PBXGroup;
			children = (
				10C18A8E1DE88F84000AE6E1 /* CancerCareNewTests.swift */,
				10C18A901DE88F84000AE6E1 /* Info.plist */,
			);
			path = CancerCareNewTests;
			sourceTree = "<group>";
		};
		10C18A981DE88F84000AE6E1 /* CancerCareNewUITests */ = {
			isa = PBXGroup;
			children = (
				10C18A991DE88F84000AE6E1 /* CancerCareNewUITests.swift */,
				10C18A9B1DE88F84000AE6E1 /* Info.plist */,
			);
			path = CancerCareNewUITests;
			sourceTree = "<group>";
		};
		AE820EC562EFC017FF5BC13D /* Pods */ = {
			isa = PBXGroup;
			children = (
				17C0A1D8691B0184FE376849 /* Pods-CancerCareNew.debug.xcconfig */,
				48FD740DEC9EDB46CDABC5B4 /* Pods-CancerCareNew.release.xcconfig */,
				EC5560E33033D1E29EF934BE /* Pods-CancerCareNewTests.debug.xcconfig */,
				E07704788B8EF5ABB612929B /* Pods-CancerCareNewTests.release.xcconfig */,
				61BD725C5D9EFAD9806674A8 /* Pods-CancerCareNewUITests.debug.xcconfig */,
				68C072F128F189B55FA41B12 /* Pods-CancerCareNewUITests.release.xcconfig */,
			);
			name = Pods;
			sourceTree = "<group>";
		};
		B7AEB68697D205011F2D86CE /* Frameworks */ = {
			isa = PBXGroup;
			children = (
				C84C37ED1E47B99DB62B2E60 /* Pods_CancerCareNew.framework */,
				A6A6F270301F735704C4FCC1 /* Pods_CancerCareNewTests.framework */,
				17FBBDDFB3E463171204566B /* Pods_CancerCareNewUITests.framework */,
			);
			name = Frameworks;
			sourceTree = "<group>";
		};
/* End PBXGroup section */

/* Begin PBXNativeTarget section */
		10C18A721DE88F84000AE6E1 /* CancerCareNew */ = {
			isa = PBXNativeTarget;
			buildConfigurationList = 10C18A9E1DE88F84000AE6E1 /* Build configuration list for PBXNativeTarget "CancerCareNew" */;
			buildPhases = (
				0CD0C013AC4DFB98A1BD8351 /* [CP] Check Pods Manifest.lock */,
				10C18A6F1DE88F84000AE6E1 /* Sources */,
				10C18A701DE88F84000AE6E1 /* Frameworks */,
				10C18A711DE88F84000AE6E1 /* Resources */,
				96800C0EE0E258768795D914 /* [CP] Embed Pods Frameworks */,
				9D18C42113081C564A1441CF /* [CP] Copy Pods Resources */,
			);
			buildRules = (
			);
			dependencies = (
			);
			name = CancerCareNew;
			productName = CancerCareNew;
			productReference = 10C18A731DE88F84000AE6E1 /* CancerCareNew.app */;
			productType = "com.apple.product-type.application";
		};
		10C18A891DE88F84000AE6E1 /* CancerCareNewTests */ = {
			isa = PBXNativeTarget;
			buildConfigurationList = 10C18AA11DE88F84000AE6E1 /* Build configuration list for PBXNativeTarget "CancerCareNewTests" */;
			buildPhases = (
				DEA5F47654528539CCD2E483 /* [CP] Check Pods Manifest.lock */,
				10C18A861DE88F84000AE6E1 /* Sources */,
				10C18A871DE88F84000AE6E1 /* Frameworks */,
				10C18A881DE88F84000AE6E1 /* Resources */,
				8AE4DCDD605CF2E7EB901A56 /* [CP] Embed Pods Frameworks */,
				F561134C216C0ABB01706803 /* [CP] Copy Pods Resources */,
			);
			buildRules = (
			);
			dependencies = (
				10C18A8C1DE88F84000AE6E1 /* PBXTargetDependency */,
			);
			name = CancerCareNewTests;
			productName = CancerCareNewTests;
			productReference = 10C18A8A1DE88F84000AE6E1 /* CancerCareNewTests.xctest */;
			productType = "com.apple.product-type.bundle.unit-test";
		};
		10C18A941DE88F84000AE6E1 /* CancerCareNewUITests */ = {
			isa = PBXNativeTarget;
			buildConfigurationList = 10C18AA41DE88F84000AE6E1 /* Build configuration list for PBXNativeTarget "CancerCareNewUITests" */;
			buildPhases = (
				E2D3F597A54F93397D7C7C9C /* [CP] Check Pods Manifest.lock */,
				10C18A911DE88F84000AE6E1 /* Sources */,
				10C18A921DE88F84000AE6E1 /* Frameworks */,
				10C18A931DE88F84000AE6E1 /* Resources */,
				EE97664F47A14C36E22855C1 /* [CP] Embed Pods Frameworks */,
				61AD2271C0EC942511A30B41 /* [CP] Copy Pods Resources */,
			);
			buildRules = (
			);
			dependencies = (
				10C18A971DE88F84000AE6E1 /* PBXTargetDependency */,
			);
			name = CancerCareNewUITests;
			productName = CancerCareNewUITests;
			productReference = 10C18A951DE88F84000AE6E1 /* CancerCareNewUITests.xctest */;
			productType = "com.apple.product-type.bundle.ui-testing";
		};
/* End PBXNativeTarget section */

/* Begin PBXProject section */
		10C18A6B1DE88F84000AE6E1 /* Project object */ = {
			isa = PBXProject;
			attributes = {
				LastSwiftUpdateCheck = 0810;
				LastUpgradeCheck = 0810;
				ORGANIZATIONNAME = FED;
				TargetAttributes = {
					10C18A721DE88F84000AE6E1 = {
						CreatedOnToolsVersion = 8.1;
						ProvisioningStyle = Automatic;
					};
					10C18A891DE88F84000AE6E1 = {
						CreatedOnToolsVersion = 8.1;
						ProvisioningStyle = Automatic;
						TestTargetID = 10C18A721DE88F84000AE6E1;
					};
					10C18A941DE88F84000AE6E1 = {
						CreatedOnToolsVersion = 8.1;
						ProvisioningStyle = Automatic;
						TestTargetID = 10C18A721DE88F84000AE6E1;
					};
				};
			};
			buildConfigurationList = 10C18A6E1DE88F84000AE6E1 /* Build configuration list for PBXProject "CancerCareNew" */;
			compatibilityVersion = "Xcode 3.2";
			developmentRegion = English;
			hasScannedForEncodings = 0;
			knownRegions = (
				en,
				Base,
			);
			mainGroup = 10C18A6A1DE88F84000AE6E1;
			productRefGroup = 10C18A741DE88F84000AE6E1 /* Products */;
			projectDirPath = "";
			projectRoot = "";
			targets = (
				10C18A721DE88F84000AE6E1 /* CancerCareNew */,
				10C18A891DE88F84000AE6E1 /* CancerCareNewTests */,
				10C18A941DE88F84000AE6E1 /* CancerCareNewUITests */,
			);
		};
/* End PBXProject section */

/* Begin PBXResourcesBuildPhase section */
		10C18A711DE88F84000AE6E1 /* Resources */ = {
			isa = PBXResourcesBuildPhase;
			buildActionMask = 2147483647;
			files = (
				10C18A841DE88F84000AE6E1 /* LaunchScreen.storyboard in Resources */,
				9943A3CC1DE91D1400F95141 /* GoogleService-Info.plist in Resources */,
				10C18A811DE88F84000AE6E1 /* Assets.xcassets in Resources */,
				10C18A7C1DE88F84000AE6E1 /* Main.storyboard in Resources */,
			);
			runOnlyForDeploymentPostprocessing = 0;
		};
		10C18A881DE88F84000AE6E1 /* Resources */ = {
			isa = PBXResourcesBuildPhase;
			buildActionMask = 2147483647;
			files = (
			);
			runOnlyForDeploymentPostprocessing = 0;
		};
		10C18A931DE88F84000AE6E1 /* Resources */ = {
			isa = PBXResourcesBuildPhase;
			buildActionMask = 2147483647;
			files = (
			);
			runOnlyForDeploymentPostprocessing = 0;
		};
/* End PBXResourcesBuildPhase section */

/* Begin PBXShellScriptBuildPhase section */
		0CD0C013AC4DFB98A1BD8351 /* [CP] Check Pods Manifest.lock */ = {
			isa = PBXShellScriptBuildPhase;
			buildActionMask = 2147483647;
			files = (
			);
			inputPaths = (
			);
			name = "[CP] Check Pods Manifest.lock";
			outputPaths = (
			);
			runOnlyForDeploymentPostprocessing = 0;
			shellPath = /bin/sh;
			shellScript = "diff \"${PODS_ROOT}/../Podfile.lock\" \"${PODS_ROOT}/Manifest.lock\" > /dev/null\nif [ $? != 0 ] ; then\n    # print error to STDERR\n    echo \"error: The sandbox is not in sync with the Podfile.lock. Run 'pod install' or update your CocoaPods installation.\" >&2\n    exit 1\nfi\n";
			showEnvVarsInLog = 0;
		};
		61AD2271C0EC942511A30B41 /* [CP] Copy Pods Resources */ = {
			isa = PBXShellScriptBuildPhase;
			buildActionMask = 2147483647;
			files = (
			);
			inputPaths = (
			);
			name = "[CP] Copy Pods Resources";
			outputPaths = (
			);
			runOnlyForDeploymentPostprocessing = 0;
			shellPath = /bin/sh;
			shellScript = "\"${SRCROOT}/Pods/Target Support Files/Pods-CancerCareNewUITests/Pods-CancerCareNewUITests-resources.sh\"\n";
			showEnvVarsInLog = 0;
		};
		8AE4DCDD605CF2E7EB901A56 /* [CP] Embed Pods Frameworks */ = {
			isa = PBXShellScriptBuildPhase;
			buildActionMask = 2147483647;
			files = (
			);
			inputPaths = (
			);
			name = "[CP] Embed Pods Frameworks";
			outputPaths = (
			);
			runOnlyForDeploymentPostprocessing = 0;
			shellPath = /bin/sh;
			shellScript = "\"${SRCROOT}/Pods/Target Support Files/Pods-CancerCareNewTests/Pods-CancerCareNewTests-frameworks.sh\"\n";
			showEnvVarsInLog = 0;
		};
		96800C0EE0E258768795D914 /* [CP] Embed Pods Frameworks */ = {
			isa = PBXShellScriptBuildPhase;
			buildActionMask = 2147483647;
			files = (
			);
			inputPaths = (
			);
			name = "[CP] Embed Pods Frameworks";
			outputPaths = (
			);
			runOnlyForDeploymentPostprocessing = 0;
			shellPath = /bin/sh;
			shellScript = "\"${SRCROOT}/Pods/Target Support Files/Pods-CancerCareNew/Pods-CancerCareNew-frameworks.sh\"\n";
			showEnvVarsInLog = 0;
		};
		9D18C42113081C564A1441CF /* [CP] Copy Pods Resources */ = {
			isa = PBXShellScriptBuildPhase;
			buildActionMask = 2147483647;
			files = (
			);
			inputPaths = (
			);
			name = "[CP] Copy Pods Resources";
			outputPaths = (
			);
			runOnlyForDeploymentPostprocessing = 0;
			shellPath = /bin/sh;
			shellScript = "\"${SRCROOT}/Pods/Target Support Files/Pods-CancerCareNew/Pods-CancerCareNew-resources.sh\"\n";
			showEnvVarsInLog = 0;
		};
		DEA5F47654528539CCD2E483 /* [CP] Check Pods Manifest.lock */ = {
			isa = PBXShellScriptBuildPhase;
			buildActionMask = 2147483647;
			files = (
			);
			inputPaths = (
			);
			name = "[CP] Check Pods Manifest.lock";
			outputPaths = (
			);
			runOnlyForDeploymentPostprocessing = 0;
			shellPath = /bin/sh;
			shellScript = "diff \"${PODS_ROOT}/../Podfile.lock\" \"${PODS_ROOT}/Manifest.lock\" > /dev/null\nif [ $? != 0 ] ; then\n    # print error to STDERR\n    echo \"error: The sandbox is not in sync with the Podfile.lock. Run 'pod install' or update your CocoaPods installation.\" >&2\n    exit 1\nfi\n";
			showEnvVarsInLog = 0;
		};
		E2D3F597A54F93397D7C7C9C /* [CP] Check Pods Manifest.lock */ = {
			isa = PBXShellScriptBuildPhase;
			buildActionMask = 2147483647;
			files = (
			);
			inputPaths = (
			);
			name = "[CP] Check Pods Manifest.lock";
			outputPaths = (
			);
			runOnlyForDeploymentPostprocessing = 0;
			shellPath = /bin/sh;
			shellScript = "diff \"${PODS_ROOT}/../Podfile.lock\" \"${PODS_ROOT}/Manifest.lock\" > /dev/null\nif [ $? != 0 ] ; then\n    # print error to STDERR\n    echo \"error: The sandbox is not in sync with the Podfile.lock. Run 'pod install' or update your CocoaPods installation.\" >&2\n    exit 1\nfi\n";
			showEnvVarsInLog = 0;
		};
		EE97664F47A14C36E22855C1 /* [CP] Embed Pods Frameworks */ = {
			isa = PBXShellScriptBuildPhase;
			buildActionMask = 2147483647;
			files = (
			);
			inputPaths = (
			);
			name = "[CP] Embed Pods Frameworks";
			outputPaths = (
			);
			runOnlyForDeploymentPostprocessing = 0;
			shellPath = /bin/sh;
			shellScript = "\"${SRCROOT}/Pods/Target Support Files/Pods-CancerCareNewUITests/Pods-CancerCareNewUITests-frameworks.sh\"\n";
			showEnvVarsInLog = 0;
		};
		F561134C216C0ABB01706803 /* [CP] Copy Pods Resources */ = {
			isa = PBXShellScriptBuildPhase;
			buildActionMask = 2147483647;
			files = (
			);
			inputPaths = (
			);
			name = "[CP] Copy Pods Resources";
			outputPaths = (
			);
			runOnlyForDeploymentPostprocessing = 0;
			shellPath = /bin/sh;
			shellScript = "\"${SRCROOT}/Pods/Target Support Files/Pods-CancerCareNewTests/Pods-CancerCareNewTests-resources.sh\"\n";
			showEnvVarsInLog = 0;
		};
/* End PBXShellScriptBuildPhase section */

/* Begin PBXSourcesBuildPhase section */
		10C18A6F1DE88F84000AE6E1 /* Sources */ = {
			isa = PBXSourcesBuildPhase;
			buildActionMask = 2147483647;
			files = (
				105244E81DEA1211008B5FF0 /* OrganizerViewController.swift in Sources */,
				105244EA1DEA1236008B5FF0 /* VitalsViewController.swift in Sources */,
				105244EC1DEA124A008B5FF0 /* MyAccountViewController.swift in Sources */,
				9943A3CE1DE91DD100F95141 /* LoginViewController.swift in Sources */,
				98599ED21DEA51C9003DAB0C /* EditPatientInfoViewController.swift in Sources */,
				105244E61DEA11F0008B5FF0 /* PatientPageViewController.swift in Sources */,
				9943A3D01DE9250A00F95141 /* HomePageViewController.swift in Sources */,
				102280B21DE8A74500D9F21A /* NetworkingService.swift in Sources */,
				10C18AA81DE899E3000AE6E1 /* RegisterPageViewController.swift in Sources */,
				105244E41DEA0654008B5FF0 /* MenuTableViewController.swift in Sources */,
				9994F8AD1DFA00DB0082BD24 /* DatabaseAdapter.swift in Sources */,
				105244F01DEA127A008B5FF0 /* AboutViewController.swift in Sources */,
				10C18A771DE88F84000AE6E1 /* AppDelegate.swift in Sources */,
				105244EE1DEA125F008B5FF0 /* SecondaryAccountViewController.swift in Sources */,
				105244F21DEA12B9008B5FF0 /* LogoutViewController.swift in Sources */,
				10C18A7F1DE88F84000AE6E1 /* CancerCareNew.xcdatamodeld in Sources */,
			);
			runOnlyForDeploymentPostprocessing = 0;
		};
		10C18A861DE88F84000AE6E1 /* Sources */ = {
			isa = PBXSourcesBuildPhase;
			buildActionMask = 2147483647;
			files = (
				10C18A8F1DE88F84000AE6E1 /* CancerCareNewTests.swift in Sources */,
			);
			runOnlyForDeploymentPostprocessing = 0;
		};
		10C18A911DE88F84000AE6E1 /* Sources */ = {
			isa = PBXSourcesBuildPhase;
			buildActionMask = 2147483647;
			files = (
				10C18A9A1DE88F84000AE6E1 /* CancerCareNewUITests.swift in Sources */,
			);
			runOnlyForDeploymentPostprocessing = 0;
		};
/* End PBXSourcesBuildPhase section */

/* Begin PBXTargetDependency section */
		10C18A8C1DE88F84000AE6E1 /* PBXTargetDependency */ = {
			isa = PBXTargetDependency;
			target = 10C18A721DE88F84000AE6E1 /* CancerCareNew */;
			targetProxy = 10C18A8B1DE88F84000AE6E1 /* PBXContainerItemProxy */;
		};
		10C18A971DE88F84000AE6E1 /* PBXTargetDependency */ = {
			isa = PBXTargetDependency;
			target = 10C18A721DE88F84000AE6E1 /* CancerCareNew */;
			targetProxy = 10C18A961DE88F84000AE6E1 /* PBXContainerItemProxy */;
		};
/* End PBXTargetDependency section */

/* Begin PBXVariantGroup section */
		10C18A7A1DE88F84000AE6E1 /* Main.storyboard */ = {
			isa = PBXVariantGroup;
			children = (
				10C18A7B1DE88F84000AE6E1 /* Base */,
			);
			name = Main.storyboard;
			sourceTree = "<group>";
		};
		10C18A821DE88F84000AE6E1 /* LaunchScreen.storyboard */ = {
			isa = PBXVariantGroup;
			children = (
				10C18A831DE88F84000AE6E1 /* Base */,
			);
			name = LaunchScreen.storyboard;
			sourceTree = "<group>";
		};
/* End PBXVariantGroup section */

/* Begin XCBuildConfiguration section */
		10C18A9C1DE88F84000AE6E1 /* Debug */ = {
			isa = XCBuildConfiguration;
			buildSettings = {
				ALWAYS_SEARCH_USER_PATHS = NO;
				CLANG_ANALYZER_NONNULL = YES;
				CLANG_CXX_LANGUAGE_STANDARD = "gnu++0x";
				CLANG_CXX_LIBRARY = "libc++";
				CLANG_ENABLE_MODULES = YES;
				CLANG_ENABLE_OBJC_ARC = YES;
				CLANG_WARN_BOOL_CONVERSION = YES;
				CLANG_WARN_CONSTANT_CONVERSION = YES;
				CLANG_WARN_DIRECT_OBJC_ISA_USAGE = YES_ERROR;
				CLANG_WARN_DOCUMENTATION_COMMENTS = YES;
				CLANG_WARN_EMPTY_BODY = YES;
				CLANG_WARN_ENUM_CONVERSION = YES;
				CLANG_WARN_INFINITE_RECURSION = YES;
				CLANG_WARN_INT_CONVERSION = YES;
				CLANG_WARN_OBJC_ROOT_CLASS = YES_ERROR;
				CLANG_WARN_SUSPICIOUS_MOVES = YES;
				CLANG_WARN_UNREACHABLE_CODE = YES;
				CLANG_WARN__DUPLICATE_METHOD_MATCH = YES;
				"CODE_SIGN_IDENTITY[sdk=iphoneos*]" = "iPhone Developer";
				COPY_PHASE_STRIP = NO;
				DEBUG_INFORMATION_FORMAT = dwarf;
				ENABLE_STRICT_OBJC_MSGSEND = YES;
				ENABLE_TESTABILITY = YES;
				GCC_C_LANGUAGE_STANDARD = gnu99;
				GCC_DYNAMIC_NO_PIC = NO;
				GCC_NO_COMMON_BLOCKS = YES;
				GCC_OPTIMIZATION_LEVEL = 0;
				GCC_PREPROCESSOR_DEFINITIONS = (
					"DEBUG=1",
					"$(inherited)",
				);
				GCC_WARN_64_TO_32_BIT_CONVERSION = YES;
				GCC_WARN_ABOUT_RETURN_TYPE = YES_ERROR;
				GCC_WARN_UNDECLARED_SELECTOR = YES;
				GCC_WARN_UNINITIALIZED_AUTOS = YES_AGGRESSIVE;
				GCC_WARN_UNUSED_FUNCTION = YES;
				GCC_WARN_UNUSED_VARIABLE = YES;
				IPHONEOS_DEPLOYMENT_TARGET = 10.1;
				MTL_ENABLE_DEBUG_INFO = YES;
				ONLY_ACTIVE_ARCH = YES;
				SDKROOT = iphoneos;
				SWIFT_ACTIVE_COMPILATION_CONDITIONS = DEBUG;
				SWIFT_OPTIMIZATION_LEVEL = "-Onone";
				TARGETED_DEVICE_FAMILY = "1,2";
			};
			name = Debug;
		};
		10C18A9D1DE88F84000AE6E1 /* Release */ = {
			isa = XCBuildConfiguration;
			buildSettings = {
				ALWAYS_SEARCH_USER_PATHS = NO;
				CLANG_ANALYZER_NONNULL = YES;
				CLANG_CXX_LANGUAGE_STANDARD = "gnu++0x";
				CLANG_CXX_LIBRARY = "libc++";
				CLANG_ENABLE_MODULES = YES;
				CLANG_ENABLE_OBJC_ARC = YES;
				CLANG_WARN_BOOL_CONVERSION = YES;
				CLANG_WARN_CONSTANT_CONVERSION = YES;
				CLANG_WARN_DIRECT_OBJC_ISA_USAGE = YES_ERROR;
				CLANG_WARN_DOCUMENTATION_COMMENTS = YES;
				CLANG_WARN_EMPTY_BODY = YES;
				CLANG_WARN_ENUM_CONVERSION = YES;
				CLANG_WARN_INFINITE_RECURSION = YES;
				CLANG_WARN_INT_CONVERSION = YES;
				CLANG_WARN_OBJC_ROOT_CLASS = YES_ERROR;
				CLANG_WARN_SUSPICIOUS_MOVES = YES;
				CLANG_WARN_UNREACHABLE_CODE = YES;
				CLANG_WARN__DUPLICATE_METHOD_MATCH = YES;
				"CODE_SIGN_IDENTITY[sdk=iphoneos*]" = "iPhone Developer";
				COPY_PHASE_STRIP = NO;
				DEBUG_INFORMATION_FORMAT = "dwarf-with-dsym";
				ENABLE_NS_ASSERTIONS = NO;
				ENABLE_STRICT_OBJC_MSGSEND = YES;
				GCC_C_LANGUAGE_STANDARD = gnu99;
				GCC_NO_COMMON_BLOCKS = YES;
				GCC_WARN_64_TO_32_BIT_CONVERSION = YES;
				GCC_WARN_ABOUT_RETURN_TYPE = YES_ERROR;
				GCC_WARN_UNDECLARED_SELECTOR = YES;
				GCC_WARN_UNINITIALIZED_AUTOS = YES_AGGRESSIVE;
				GCC_WARN_UNUSED_FUNCTION = YES;
				GCC_WARN_UNUSED_VARIABLE = YES;
				IPHONEOS_DEPLOYMENT_TARGET = 10.1;
				MTL_ENABLE_DEBUG_INFO = NO;
				SDKROOT = iphoneos;
				SWIFT_OPTIMIZATION_LEVEL = "-Owholemodule";
				TARGETED_DEVICE_FAMILY = "1,2";
				VALIDATE_PRODUCT = YES;
			};
			name = Release;
		};
		10C18A9F1DE88F84000AE6E1 /* Debug */ = {
			isa = XCBuildConfiguration;
			baseConfigurationReference = 17C0A1D8691B0184FE376849 /* Pods-CancerCareNew.debug.xcconfig */;
			buildSettings = {
				ASSETCATALOG_COMPILER_APPICON_NAME = AppIcon;
				INFOPLIST_FILE = CancerCareNew/Info.plist;
				LD_RUNPATH_SEARCH_PATHS = "$(inherited) @executable_path/Frameworks";
				PRODUCT_BUNDLE_IDENTIFIER = Damla.CancerCareNew;
				PRODUCT_NAME = "$(TARGET_NAME)";
				SWIFT_VERSION = 3.0;
			};
			name = Debug;
		};
		10C18AA01DE88F84000AE6E1 /* Release */ = {
			isa = XCBuildConfiguration;
			baseConfigurationReference = 48FD740DEC9EDB46CDABC5B4 /* Pods-CancerCareNew.release.xcconfig */;
			buildSettings = {
				ASSETCATALOG_COMPILER_APPICON_NAME = AppIcon;
				INFOPLIST_FILE = CancerCareNew/Info.plist;
				LD_RUNPATH_SEARCH_PATHS = "$(inherited) @executable_path/Frameworks";
				PRODUCT_BUNDLE_IDENTIFIER = Damla.CancerCareNew;
				PRODUCT_NAME = "$(TARGET_NAME)";
				SWIFT_VERSION = 3.0;
			};
			name = Release;
		};
		10C18AA21DE88F84000AE6E1 /* Debug */ = {
			isa = XCBuildConfiguration;
			baseConfigurationReference = EC5560E33033D1E29EF934BE /* Pods-CancerCareNewTests.debug.xcconfig */;
			buildSettings = {
				ALWAYS_EMBED_SWIFT_STANDARD_LIBRARIES = YES;
				BUNDLE_LOADER = "$(TEST_HOST)";
				INFOPLIST_FILE = CancerCareNewTests/Info.plist;
				LD_RUNPATH_SEARCH_PATHS = "$(inherited) @executable_path/Frameworks @loader_path/Frameworks";
				PRODUCT_BUNDLE_IDENTIFIER = Damla.CancerCareNewTests;
				PRODUCT_NAME = "$(TARGET_NAME)";
				SWIFT_VERSION = 3.0;
				TEST_HOST = "$(BUILT_PRODUCTS_DIR)/CancerCareNew.app/CancerCareNew";
			};
			name = Debug;
		};
		10C18AA31DE88F84000AE6E1 /* Release */ = {
			isa = XCBuildConfiguration;
			baseConfigurationReference = E07704788B8EF5ABB612929B /* Pods-CancerCareNewTests.release.xcconfig */;
			buildSettings = {
				ALWAYS_EMBED_SWIFT_STANDARD_LIBRARIES = YES;
				BUNDLE_LOADER = "$(TEST_HOST)";
				INFOPLIST_FILE = CancerCareNewTests/Info.plist;
				LD_RUNPATH_SEARCH_PATHS = "$(inherited) @executable_path/Frameworks @loader_path/Frameworks";
				PRODUCT_BUNDLE_IDENTIFIER = Damla.CancerCareNewTests;
				PRODUCT_NAME = "$(TARGET_NAME)";
				SWIFT_VERSION = 3.0;
				TEST_HOST = "$(BUILT_PRODUCTS_DIR)/CancerCareNew.app/CancerCareNew";
			};
			name = Release;
		};
		10C18AA51DE88F84000AE6E1 /* Debug */ = {
			isa = XCBuildConfiguration;
			baseConfigurationReference = 61BD725C5D9EFAD9806674A8 /* Pods-CancerCareNewUITests.debug.xcconfig */;
			buildSettings = {
				ALWAYS_EMBED_SWIFT_STANDARD_LIBRARIES = YES;
				INFOPLIST_FILE = CancerCareNewUITests/Info.plist;
				LD_RUNPATH_SEARCH_PATHS = "$(inherited) @executable_path/Frameworks @loader_path/Frameworks";
				PRODUCT_BUNDLE_IDENTIFIER = Damla.CancerCareNewUITests;
				PRODUCT_NAME = "$(TARGET_NAME)";
				SWIFT_VERSION = 3.0;
				TEST_TARGET_NAME = CancerCareNew;
			};
			name = Debug;
		};
		10C18AA61DE88F84000AE6E1 /* Release */ = {
			isa = XCBuildConfiguration;
			baseConfigurationReference = 68C072F128F189B55FA41B12 /* Pods-CancerCareNewUITests.release.xcconfig */;
			buildSettings = {
				ALWAYS_EMBED_SWIFT_STANDARD_LIBRARIES = YES;
				INFOPLIST_FILE = CancerCareNewUITests/Info.plist;
				LD_RUNPATH_SEARCH_PATHS = "$(inherited) @executable_path/Frameworks @loader_path/Frameworks";
				PRODUCT_BUNDLE_IDENTIFIER = Damla.CancerCareNewUITests;
				PRODUCT_NAME = "$(TARGET_NAME)";
				SWIFT_VERSION = 3.0;
				TEST_TARGET_NAME = CancerCareNew;
			};
			name = Release;
		};
/* End XCBuildConfiguration section */

/* Begin XCConfigurationList section */
		10C18A6E1DE88F84000AE6E1 /* Build configuration list for PBXProject "CancerCareNew" */ = {
			isa = XCConfigurationList;
			buildConfigurations = (
				10C18A9C1DE88F84000AE6E1 /* Debug */,
				10C18A9D1DE88F84000AE6E1 /* Release */,
			);
			defaultConfigurationIsVisible = 0;
			defaultConfigurationName = Release;
		};
		10C18A9E1DE88F84000AE6E1 /* Build configuration list for PBXNativeTarget "CancerCareNew" */ = {
			isa = XCConfigurationList;
			buildConfigurations = (
				10C18A9F1DE88F84000AE6E1 /* Debug */,
				10C18AA01DE88F84000AE6E1 /* Release */,
			);
			defaultConfigurationIsVisible = 0;
			defaultConfigurationName = Release;
		};
		10C18AA11DE88F84000AE6E1 /* Build configuration list for PBXNativeTarget "CancerCareNewTests" */ = {
			isa = XCConfigurationList;
			buildConfigurations = (
				10C18AA21DE88F84000AE6E1 /* Debug */,
				10C18AA31DE88F84000AE6E1 /* Release */,
			);
			defaultConfigurationIsVisible = 0;
			defaultConfigurationName = Release;
		};
		10C18AA41DE88F84000AE6E1 /* Build configuration list for PBXNativeTarget "CancerCareNewUITests" */ = {
			isa = XCConfigurationList;
			buildConfigurations = (
				10C18AA51DE88F84000AE6E1 /* Debug */,
				10C18AA61DE88F84000AE6E1 /* Release */,
			);
			defaultConfigurationIsVisible = 0;
			defaultConfigurationName = Release;
		};
/* End XCConfigurationList section */

/* Begin XCVersionGroup section */
		10C18A7D1DE88F84000AE6E1 /* CancerCareNew.xcdatamodeld */ = {
			isa = XCVersionGroup;
			children = (
				10C18A7E1DE88F84000AE6E1 /* CancerCareNew.xcdatamodel */,
			);
			currentVersion = 10C18A7E1DE88F84000AE6E1 /* CancerCareNew.xcdatamodel */;
			path = CancerCareNew.xcdatamodeld;
			sourceTree = "<group>";
			versionGroupType = wrapper.xcdatamodel;
		};
/* End XCVersionGroup section */
	};
	rootObject = 10C18A6B1DE88F84000AE6E1 /* Project object */;
}
